// !$*UTF8*$!
{
	archiveVersion = 1;
	classes = {
	};
	objectVersion = 50;
	objects = {

/* Begin PBXBuildFile section */
		E1218F6A2275DC7100C29B15 /* ProjectDetailViewController.swift in Sources */ = {isa = PBXBuildFile; fileRef = E1218F692275DC7100C29B15 /* ProjectDetailViewController.swift */; };
		E127A93B226E3D8F00007B64 /* Hobby.swift in Sources */ = {isa = PBXBuildFile; fileRef = E127A93A226E3D8F00007B64 /* Hobby.swift */; };
		E127A93D226E40EA00007B64 /* HobbyDetailCollectionViewCell.swift in Sources */ = {isa = PBXBuildFile; fileRef = E127A93C226E40EA00007B64 /* HobbyDetailCollectionViewCell.swift */; };
		E164B24C226E1D7D00F3F41F /* HobbyDetailTableViewController.swift in Sources */ = {isa = PBXBuildFile; fileRef = E164B24B226E1D7D00F3F41F /* HobbyDetailTableViewController.swift */; };
		E164B24E226E250D00F3F41F /* HobbyDetailCollectionViewController.swift in Sources */ = {isa = PBXBuildFile; fileRef = E164B24D226E250D00F3F41F /* HobbyDetailCollectionViewController.swift */; };
		E1B7343E2268A3F200D347CE /* AppDelegate.swift in Sources */ = {isa = PBXBuildFile; fileRef = E1B7343D2268A3F200D347CE /* AppDelegate.swift */; };
		E1B734402268A3F200D347CE /* PersonalViewController.swift in Sources */ = {isa = PBXBuildFile; fileRef = E1B7343F2268A3F200D347CE /* PersonalViewController.swift */; };
		E1B734432268A3F200D347CE /* Main.storyboard in Resources */ = {isa = PBXBuildFile; fileRef = E1B734412268A3F200D347CE /* Main.storyboard */; };
		E1B734482268A3F400D347CE /* Assets.xcassets in Resources */ = {isa = PBXBuildFile; fileRef = E1B734472268A3F400D347CE /* Assets.xcassets */; };
		E1B7344B2268A3F400D347CE /* LaunchScreen.storyboard in Resources */ = {isa = PBXBuildFile; fileRef = E1B734492268A3F400D347CE /* LaunchScreen.storyboard */; };
		E1C0416822736C9B00E662CF /* ProjectsViewController.swift in Sources */ = {isa = PBXBuildFile; fileRef = E1C0416722736C9B00E662CF /* ProjectsViewController.swift */; };
		E1C0416A22736CBE00E662CF /* ProjectCollectionViewCell.swift in Sources */ = {isa = PBXBuildFile; fileRef = E1C0416922736CBE00E662CF /* ProjectCollectionViewCell.swift */; };
		E1C0416E2273984700E662CF /* Project.swift in Sources */ = {isa = PBXBuildFile; fileRef = E1C0416D2273984700E662CF /* Project.swift */; };
		E1C86CCE226F27F900C9786F /* DetailPhotoViewController.swift in Sources */ = {isa = PBXBuildFile; fileRef = E1C86CCD226F27F900C9786F /* DetailPhotoViewController.swift */; };
		E1C86CD0226F5FCE00C9786F /* HobbyDetailTableViewCell.swift in Sources */ = {isa = PBXBuildFile; fileRef = E1C86CCF226F5FCE00C9786F /* HobbyDetailTableViewCell.swift */; };
		E1DD1E04226CF77500E344F5 /* HobbyTableViewCell.swift in Sources */ = {isa = PBXBuildFile; fileRef = E1DD1E03226CF77500E344F5 /* HobbyTableViewCell.swift */; };
		E1EF99362269C40F005ACDB2 /* PageViewController.swift in Sources */ = {isa = PBXBuildFile; fileRef = E1EF99352269C40F005ACDB2 /* PageViewController.swift */; };
		E1EF99382269C464005ACDB2 /* GreetingsViewController.swift in Sources */ = {isa = PBXBuildFile; fileRef = E1EF99372269C464005ACDB2 /* GreetingsViewController.swift */; };
/* End PBXBuildFile section */

/* Begin PBXFileReference section */
		E1218F692275DC7100C29B15 /* ProjectDetailViewController.swift */ = {isa = PBXFileReference; lastKnownFileType = sourcecode.swift; path = ProjectDetailViewController.swift; sourceTree = "<group>"; };
		E127A93A226E3D8F00007B64 /* Hobby.swift */ = {isa = PBXFileReference; lastKnownFileType = sourcecode.swift; path = Hobby.swift; sourceTree = "<group>"; };
		E127A93C226E40EA00007B64 /* HobbyDetailCollectionViewCell.swift */ = {isa = PBXFileReference; lastKnownFileType = sourcecode.swift; path = HobbyDetailCollectionViewCell.swift; sourceTree = "<group>"; };
		E164B24B226E1D7D00F3F41F /* HobbyDetailTableViewController.swift */ = {isa = PBXFileReference; lastKnownFileType = sourcecode.swift; path = HobbyDetailTableViewController.swift; sourceTree = "<group>"; };
		E164B24D226E250D00F3F41F /* HobbyDetailCollectionViewController.swift */ = {isa = PBXFileReference; lastKnownFileType = sourcecode.swift; path = HobbyDetailCollectionViewController.swift; sourceTree = "<group>"; };
		E1B7343A2268A3F200D347CE /* MyCV.app */ = {isa = PBXFileReference; explicitFileType = wrapper.application; includeInIndex = 0; path = MyCV.app; sourceTree = BUILT_PRODUCTS_DIR; };
		E1B7343D2268A3F200D347CE /* AppDelegate.swift */ = {isa = PBXFileReference; lastKnownFileType = sourcecode.swift; path = AppDelegate.swift; sourceTree = "<group>"; };
		E1B7343F2268A3F200D347CE /* PersonalViewController.swift */ = {isa = PBXFileReference; lastKnownFileType = sourcecode.swift; path = PersonalViewController.swift; sourceTree = "<group>"; };
		E1B734422268A3F200D347CE /* Base */ = {isa = PBXFileReference; lastKnownFileType = file.storyboard; name = Base; path = Base.lproj/Main.storyboard; sourceTree = "<group>"; };
		E1B734472268A3F400D347CE /* Assets.xcassets */ = {isa = PBXFileReference; lastKnownFileType = folder.assetcatalog; path = Assets.xcassets; sourceTree = "<group>"; };
		E1B7344A2268A3F400D347CE /* Base */ = {isa = PBXFileReference; lastKnownFileType = file.storyboard; name = Base; path = Base.lproj/LaunchScreen.storyboard; sourceTree = "<group>"; };
		E1B7344C2268A3F400D347CE /* Info.plist */ = {isa = PBXFileReference; lastKnownFileType = text.plist.xml; path = Info.plist; sourceTree = "<group>"; };
		E1C0416722736C9B00E662CF /* ProjectsViewController.swift */ = {isa = PBXFileReference; lastKnownFileType = sourcecode.swift; path = ProjectsViewController.swift; sourceTree = "<group>"; };
		E1C0416922736CBE00E662CF /* ProjectCollectionViewCell.swift */ = {isa = PBXFileReference; lastKnownFileType = sourcecode.swift; path = ProjectCollectionViewCell.swift; sourceTree = "<group>"; };
		E1C0416D2273984700E662CF /* Project.swift */ = {isa = PBXFileReference; lastKnownFileType = sourcecode.swift; path = Project.swift; sourceTree = "<group>"; };
		E1C86CCD226F27F900C9786F /* DetailPhotoViewController.swift */ = {isa = PBXFileReference; lastKnownFileType = sourcecode.swift; path = DetailPhotoViewController.swift; sourceTree = "<group>"; };
		E1C86CCF226F5FCE00C9786F /* HobbyDetailTableViewCell.swift */ = {isa = PBXFileReference; lastKnownFileType = sourcecode.swift; path = HobbyDetailTableViewCell.swift; sourceTree = "<group>"; };
		E1DD1E03226CF77500E344F5 /* HobbyTableViewCell.swift */ = {isa = PBXFileReference; lastKnownFileType = sourcecode.swift; path = HobbyTableViewCell.swift; sourceTree = "<group>"; };
		E1EF99352269C40F005ACDB2 /* PageViewController.swift */ = {isa = PBXFileReference; lastKnownFileType = sourcecode.swift; path = PageViewController.swift; sourceTree = "<group>"; };
		E1EF99372269C464005ACDB2 /* GreetingsViewController.swift */ = {isa = PBXFileReference; lastKnownFileType = sourcecode.swift; path = GreetingsViewController.swift; sourceTree = "<group>"; };
/* End PBXFileReference section */

/* Begin PBXFrameworksBuildPhase section */
		E1B734372268A3F200D347CE /* Frameworks */ = {
			isa = PBXFrameworksBuildPhase;
			buildActionMask = 2147483647;
			files = (
			);
			runOnlyForDeploymentPostprocessing = 0;
		};
/* End PBXFrameworksBuildPhase section */

/* Begin PBXGroup section */
		E164B24F226E251600F3F41F /* Hobby Detail */ = {
			isa = PBXGroup;
			children = (
				E164B24B226E1D7D00F3F41F /* HobbyDetailTableViewController.swift */,
				E164B24D226E250D00F3F41F /* HobbyDetailCollectionViewController.swift */,
				E1C86CCD226F27F900C9786F /* DetailPhotoViewController.swift */,
				E127A93C226E40EA00007B64 /* HobbyDetailCollectionViewCell.swift */,
				E1C86CCF226F5FCE00C9786F /* HobbyDetailTableViewCell.swift */,
			);
			path = "Hobby Detail";
			sourceTree = "<group>";
		};
		E1B734312268A3F200D347CE = {
			isa = PBXGroup;
			children = (
				E1B7343C2268A3F200D347CE /* MyCV */,
				E1B7343B2268A3F200D347CE /* Products */,
			);
			sourceTree = "<group>";
		};
		E1B7343B2268A3F200D347CE /* Products */ = {
			isa = PBXGroup;
			children = (
				E1B7343A2268A3F200D347CE /* MyCV.app */,
			);
			name = Products;
			sourceTree = "<group>";
		};
		E1B7343C2268A3F200D347CE /* MyCV */ = {
			isa = PBXGroup;
			children = (
				E1C0416422734DF100E662CF /* Model */,
				E1DD1E02226CC73400E344F5 /* Intro Pages */,
				E1C0416622734F5400E662CF /* Projects */,
				E1DD1E05226CF92400E344F5 /* Personal Info */,
				E164B24F226E251600F3F41F /* Hobby Detail */,
				E1B734412268A3F200D347CE /* Main.storyboard */,
				E1B7344C2268A3F400D347CE /* Info.plist */,
				E1EF99392269C471005ACDB2 /* Support files */,
			);
			path = MyCV;
			sourceTree = "<group>";
		};
		E1C0416422734DF100E662CF /* Model */ = {
			isa = PBXGroup;
			children = (
				E127A93A226E3D8F00007B64 /* Hobby.swift */,
				E1C0416D2273984700E662CF /* Project.swift */,
			);
			path = Model;
			sourceTree = "<group>";
		};
		E1C0416622734F5400E662CF /* Projects */ = {
			isa = PBXGroup;
			children = (
				E1C0416722736C9B00E662CF /* ProjectsViewController.swift */,
				E1C0416922736CBE00E662CF /* ProjectCollectionViewCell.swift */,
				E1218F692275DC7100C29B15 /* ProjectDetailViewController.swift */,
			);
			path = Projects;
			sourceTree = "<group>";
		};
		E1DD1E02226CC73400E344F5 /* Intro Pages */ = {
			isa = PBXGroup;
			children = (
				E1EF99352269C40F005ACDB2 /* PageViewController.swift */,
				E1EF99372269C464005ACDB2 /* GreetingsViewController.swift */,
			);
			path = "Intro Pages";
			sourceTree = "<group>";
		};
		E1DD1E05226CF92400E344F5 /* Personal Info */ = {
			isa = PBXGroup;
			children = (
				E1B7343F2268A3F200D347CE /* PersonalViewController.swift */,
				E1DD1E03226CF77500E344F5 /* HobbyTableViewCell.swift */,
			);
			path = "Personal Info";
			sourceTree = "<group>";
		};
		E1EF99392269C471005ACDB2 /* Support files */ = {
			isa = PBXGroup;
			children = (
				E1B7343D2268A3F200D347CE /* AppDelegate.swift */,
				E1B734472268A3F400D347CE /* Assets.xcassets */,
				E1B734492268A3F400D347CE /* LaunchScreen.storyboard */,
			);
			path = "Support files";
			sourceTree = "<group>";
		};
/* End PBXGroup section */

/* Begin PBXNativeTarget section */
		E1B734392268A3F200D347CE /* MyCV */ = {
			isa = PBXNativeTarget;
			buildConfigurationList = E1B7344F2268A3F400D347CE /* Build configuration list for PBXNativeTarget "MyCV" */;
			buildPhases = (
				E1B734362268A3F200D347CE /* Sources */,
				E1B734372268A3F200D347CE /* Frameworks */,
				E1B734382268A3F200D347CE /* Resources */,
			);
			buildRules = (
			);
			dependencies = (
			);
			name = MyCV;
			productName = MyCV;
			productReference = E1B7343A2268A3F200D347CE /* MyCV.app */;
			productType = "com.apple.product-type.application";
		};
/* End PBXNativeTarget section */

/* Begin PBXProject section */
		E1B734322268A3F200D347CE /* Project object */ = {
			isa = PBXProject;
			attributes = {
				LastSwiftUpdateCheck = 1020;
				LastUpgradeCheck = 1020;
				ORGANIZATIONNAME = AntonKuznetsov;
				TargetAttributes = {
					E1B734392268A3F200D347CE = {
						CreatedOnToolsVersion = 10.2.1;
					};
				};
			};
			buildConfigurationList = E1B734352268A3F200D347CE /* Build configuration list for PBXProject "MyCV" */;
			compatibilityVersion = "Xcode 9.3";
			developmentRegion = en;
			hasScannedForEncodings = 0;
			knownRegions = (
				en,
				Base,
			);
			mainGroup = E1B734312268A3F200D347CE;
			productRefGroup = E1B7343B2268A3F200D347CE /* Products */;
			projectDirPath = "";
			projectRoot = "";
			targets = (
				E1B734392268A3F200D347CE /* MyCV */,
			);
		};
/* End PBXProject section */

/* Begin PBXResourcesBuildPhase section */
		E1B734382268A3F200D347CE /* Resources */ = {
			isa = PBXResourcesBuildPhase;
			buildActionMask = 2147483647;
			files = (
				E1B7344B2268A3F400D347CE /* LaunchScreen.storyboard in Resources */,
				E1B734482268A3F400D347CE /* Assets.xcassets in Resources */,
				E1B734432268A3F200D347CE /* Main.storyboard in Resources */,
			);
			runOnlyForDeploymentPostprocessing = 0;
		};
/* End PBXResourcesBuildPhase section */

/* Begin PBXSourcesBuildPhase section */
		E1B734362268A3F200D347CE /* Sources */ = {
			isa = PBXSourcesBuildPhase;
			buildActionMask = 2147483647;
			files = (
				E1C0416A22736CBE00E662CF /* ProjectCollectionViewCell.swift in Sources */,
				E164B24C226E1D7D00F3F41F /* HobbyDetailTableViewController.swift in Sources */,
				E1DD1E04226CF77500E344F5 /* HobbyTableViewCell.swift in Sources */,
				E1B734402268A3F200D347CE /* PersonalViewController.swift in Sources */,
				E1EF99382269C464005ACDB2 /* GreetingsViewController.swift in Sources */,
				E1218F6A2275DC7100C29B15 /* ProjectDetailViewController.swift in Sources */,
				E1C86CCE226F27F900C9786F /* DetailPhotoViewController.swift in Sources */,
				E164B24E226E250D00F3F41F /* HobbyDetailCollectionViewController.swift in Sources */,
				E1B7343E2268A3F200D347CE /* AppDelegate.swift in Sources */,
				E127A93D226E40EA00007B64 /* HobbyDetailCollectionViewCell.swift in Sources */,
				E127A93B226E3D8F00007B64 /* Hobby.swift in Sources */,
				E1EF99362269C40F005ACDB2 /* PageViewController.swift in Sources */,
				E1C0416822736C9B00E662CF /* ProjectsViewController.swift in Sources */,
				E1C86CD0226F5FCE00C9786F /* HobbyDetailTableViewCell.swift in Sources */,
				E1C0416E2273984700E662CF /* Project.swift in Sources */,
			);
			runOnlyForDeploymentPostprocessing = 0;
		};
/* End PBXSourcesBuildPhase section */

/* Begin PBXVariantGroup section */
		E1B734412268A3F200D347CE /* Main.storyboard */ = {
			isa = PBXVariantGroup;
			children = (
				E1B734422268A3F200D347CE /* Base */,
			);
			name = Main.storyboard;
			sourceTree = "<group>";
		};
		E1B734492268A3F400D347CE /* LaunchScreen.storyboard */ = {
			isa = PBXVariantGroup;
			children = (
				E1B7344A2268A3F400D347CE /* Base */,
			);
			name = LaunchScreen.storyboard;
			sourceTree = "<group>";
		};
/* End PBXVariantGroup section */

/* Begin XCBuildConfiguration section */
		E1B7344D2268A3F400D347CE /* Debug */ = {
			isa = XCBuildConfiguration;
			buildSettings = {
				ALWAYS_SEARCH_USER_PATHS = NO;
				CLANG_ANALYZER_NONNULL = YES;
				CLANG_ANALYZER_NUMBER_OBJECT_CONVERSION = YES_AGGRESSIVE;
				CLANG_CXX_LANGUAGE_STANDARD = "gnu++14";
				CLANG_CXX_LIBRARY = "libc++";
				CLANG_ENABLE_MODULES = YES;
				CLANG_ENABLE_OBJC_ARC = YES;
				CLANG_ENABLE_OBJC_WEAK = YES;
				CLANG_WARN_BLOCK_CAPTURE_AUTORELEASING = YES;
				CLANG_WARN_BOOL_CONVERSION = YES;
				CLANG_WARN_COMMA = YES;
				CLANG_WARN_CONSTANT_CONVERSION = YES;
				CLANG_WARN_DEPRECATED_OBJC_IMPLEMENTATIONS = YES;
				CLANG_WARN_DIRECT_OBJC_ISA_USAGE = YES_ERROR;
				CLANG_WARN_DOCUMENTATION_COMMENTS = YES;
				CLANG_WARN_EMPTY_BODY = YES;
				CLANG_WARN_ENUM_CONVERSION = YES;
				CLANG_WARN_INFINITE_RECURSION = YES;
				CLANG_WARN_INT_CONVERSION = YES;
				CLANG_WARN_NON_LITERAL_NULL_CONVERSION = YES;
				CLANG_WARN_OBJC_IMPLICIT_RETAIN_SELF = YES;
				CLANG_WARN_OBJC_LITERAL_CONVERSION = YES;
				CLANG_WARN_OBJC_ROOT_CLASS = YES_ERROR;
				CLANG_WARN_RANGE_LOOP_ANALYSIS = YES;
				CLANG_WARN_STRICT_PROTOTYPES = YES;
				CLANG_WARN_SUSPICIOUS_MOVE = YES;
				CLANG_WARN_UNGUARDED_AVAILABILITY = YES_AGGRESSIVE;
				CLANG_WARN_UNREACHABLE_CODE = YES;
				CLANG_WARN__DUPLICATE_METHOD_MATCH = YES;
				CODE_SIGN_IDENTITY = "iPhone Developer";
				COPY_PHASE_STRIP = NO;
				DEBUG_INFORMATION_FORMAT = dwarf;
				ENABLE_STRICT_OBJC_MSGSEND = YES;
				ENABLE_TESTABILITY = YES;
				GCC_C_LANGUAGE_STANDARD = gnu11;
				GCC_DYNAMIC_NO_PIC = NO;
				GCC_NO_COMMON_BLOCKS = YES;
				GCC_OPTIMIZATION_LEVEL = 0;
				GCC_PREPROCESSOR_DEFINITIONS = (
					"DEBUG=1",
					"$(inherited)",
				);
				GCC_WARN_64_TO_32_BIT_CONVERSION = YES;
				GCC_WARN_ABOUT_RETURN_TYPE = YES_ERROR;
				GCC_WARN_UNDECLARED_SELECTOR = YES;
				GCC_WARN_UNINITIALIZED_AUTOS = YES_AGGRESSIVE;
				GCC_WARN_UNUSED_FUNCTION = YES;
				GCC_WARN_UNUSED_VARIABLE = YES;
				IPHONEOS_DEPLOYMENT_TARGET = 12.2;
				MTL_ENABLE_DEBUG_INFO = INCLUDE_SOURCE;
				MTL_FAST_MATH = YES;
				ONLY_ACTIVE_ARCH = YES;
				SDKROOT = iphoneos;
				SWIFT_ACTIVE_COMPILATION_CONDITIONS = DEBUG;
				SWIFT_OPTIMIZATION_LEVEL = "-Onone";
			};
			name = Debug;
		};
		E1B7344E2268A3F400D347CE /* Release */ = {
			isa = XCBuildConfiguration;
			buildSettings = {
				ALWAYS_SEARCH_USER_PATHS = NO;
				CLANG_ANALYZER_NONNULL = YES;
				CLANG_ANALYZER_NUMBER_OBJECT_CONVERSION = YES_AGGRESSIVE;
				CLANG_CXX_LANGUAGE_STANDARD = "gnu++14";
				CLANG_CXX_LIBRARY = "libc++";
				CLANG_ENABLE_MODULES = YES;
				CLANG_ENABLE_OBJC_ARC = YES;
				CLANG_ENABLE_OBJC_WEAK = YES;
				CLANG_WARN_BLOCK_CAPTURE_AUTORELEASING = YES;
				CLANG_WARN_BOOL_CONVERSION = YES;
				CLANG_WARN_COMMA = YES;
				CLANG_WARN_CONSTANT_CONVERSION = YES;
				CLANG_WARN_DEPRECATED_OBJC_IMPLEMENTATIONS = YES;
				CLANG_WARN_DIRECT_OBJC_ISA_USAGE = YES_ERROR;
				CLANG_WARN_DOCUMENTATION_COMMENTS = YES;
				CLANG_WARN_EMPTY_BODY = YES;
				CLANG_WARN_ENUM_CONVERSION = YES;
				CLANG_WARN_INFINITE_RECURSION = YES;
				CLANG_WARN_INT_CONVERSION = YES;
				CLANG_WARN_NON_LITERAL_NULL_CONVERSION = YES;
				CLANG_WARN_OBJC_IMPLICIT_RETAIN_SELF = YES;
				CLANG_WARN_OBJC_LITERAL_CONVERSION = YES;
				CLANG_WARN_OBJC_ROOT_CLASS = YES_ERROR;
				CLANG_WARN_RANGE_LOOP_ANALYSIS = YES;
				CLANG_WARN_STRICT_PROTOTYPES = YES;
				CLANG_WARN_SUSPICIOUS_MOVE = YES;
				CLANG_WARN_UNGUARDED_AVAILABILITY = YES_AGGRESSIVE;
				CLANG_WARN_UNREACHABLE_CODE = YES;
				CLANG_WARN__DUPLICATE_METHOD_MATCH = YES;
				CODE_SIGN_IDENTITY = "iPhone Developer";
				COPY_PHASE_STRIP = NO;
				DEBUG_INFORMATION_FORMAT = "dwarf-with-dsym";
				ENABLE_NS_ASSERTIONS = NO;
				ENABLE_STRICT_OBJC_MSGSEND = YES;
				GCC_C_LANGUAGE_STANDARD = gnu11;
				GCC_NO_COMMON_BLOCKS = YES;
				GCC_WARN_64_TO_32_BIT_CONVERSION = YES;
				GCC_WARN_ABOUT_RETURN_TYPE = YES_ERROR;
				GCC_WARN_UNDECLARED_SELECTOR = YES;
				GCC_WARN_UNINITIALIZED_AUTOS = YES_AGGRESSIVE;
				GCC_WARN_UNUSED_FUNCTION = YES;
				GCC_WARN_UNUSED_VARIABLE = YES;
				IPHONEOS_DEPLOYMENT_TARGET = 12.2;
				MTL_ENABLE_DEBUG_INFO = NO;
				MTL_FAST_MATH = YES;
				SDKROOT = iphoneos;
				SWIFT_COMPILATION_MODE = wholemodule;
				SWIFT_OPTIMIZATION_LEVEL = "-O";
				VALIDATE_PRODUCT = YES;
			};
			name = Release;
		};
		E1B734502268A3F400D347CE /* Debug */ = {
			isa = XCBuildConfiguration;
			buildSettings = {
				ASSETCATALOG_COMPILER_APPICON_NAME = AppIcon;
				CODE_SIGN_STYLE = Automatic;
				DEVELOPMENT_TEAM = 8QYRHE66V7;
				INFOPLIST_FILE = MyCV/Info.plist;
				LD_RUNPATH_SEARCH_PATHS = (
					"$(inherited)",
					"@executable_path/Frameworks",
				);
				PRODUCT_BUNDLE_IDENTIFIER = com.antonkuznetsov.MyCV;
				PRODUCT_NAME = "$(TARGET_NAME)";
				SWIFT_VERSION = 5.0;
				TARGETED_DEVICE_FAMILY = "1,2";
			};
			name = Debug;
		};
		E1B734512268A3F400D347CE /* Release */ = {
			isa = XCBuildConfiguration;
			buildSettings = {
				ASSETCATALOG_COMPILER_APPICON_NAME = AppIcon;
				CODE_SIGN_STYLE = Automatic;
				DEVELOPMENT_TEAM = 8QYRHE66V7;
				INFOPLIST_FILE = MyCV/Info.plist;
				LD_RUNPATH_SEARCH_PATHS = (
					"$(inherited)",
					"@executable_path/Frameworks",
				);
				PRODUCT_BUNDLE_IDENTIFIER = com.antonkuznetsov.MyCV;
				PRODUCT_NAME = "$(TARGET_NAME)";
				SWIFT_VERSION = 5.0;
				TARGETED_DEVICE_FAMILY = "1,2";
			};
			name = Release;
		};
/* End XCBuildConfiguration section */

/* Begin XCConfigurationList section */
		E1B734352268A3F200D347CE /* Build configuration list for PBXProject "MyCV" */ = {
			isa = XCConfigurationList;
			buildConfigurations = (
				E1B7344D2268A3F400D347CE /* Debug */,
				E1B7344E2268A3F400D347CE /* Release */,
			);
			defaultConfigurationIsVisible = 0;
			defaultConfigurationName = Release;
		};
		E1B7344F2268A3F400D347CE /* Build configuration list for PBXNativeTarget "MyCV" */ = {
			isa = XCConfigurationList;
			buildConfigurations = (
				E1B734502268A3F400D347CE /* Debug */,
				E1B734512268A3F400D347CE /* Release */,
			);
			defaultConfigurationIsVisible = 0;
			defaultConfigurationName = Release;
		};
/* End XCConfigurationList section */
	};
	rootObject = E1B734322268A3F200D347CE /* Project object */;
}
